
Microsoft Visual Studio Solution File, Format Version 12.00
# Visual Studio 15
VisualStudioVersion = 15.0.27004.2005
MinimumVisualStudioVersion = 10.0.40219.1
Project("{FAE04EC0-301F-11D3-BF4B-00C04F79EFBC}") = "ShopApp", "ShopApp\ShopApp.csproj", "{E10ED7EF-653F-43C4-A5C1-FFEC8725CC7D}"
EndProject
Project("{FAE04EC0-301F-11D3-BF4B-00C04F79EFBC}") = "ShopApp_v2", "ShopApp_v2\ShopApp_v2.csproj", "{6C4CE7A6-B432-4C63-A2D5-8DB9E267A872}"
EndProject
Global
	GlobalSection(SolutionConfigurationPlatforms) = preSolution
		Debug|Any CPU = Debug|Any CPU
		Release|Any CPU = Release|Any CPU
	EndGlobalSection
	GlobalSection(ProjectConfigurationPlatforms) = postSolution
		{E10ED7EF-653F-43C4-A5C1-FFEC8725CC7D}.Debug|Any CPU.ActiveCfg = Debug|Any CPU
		{E10ED7EF-653F-43C4-A5C1-FFEC8725CC7D}.Debug|Any CPU.Build.0 = Debug|Any CPU
		{E10ED7EF-653F-43C4-A5C1-FFEC8725CC7D}.Release|Any CPU.ActiveCfg = Release|Any CPU
		{E10ED7EF-653F-43C4-A5C1-FFEC8725CC7D}.Release|Any CPU.Build.0 = Release|Any CPU
		{6C4CE7A6-B432-4C63-A2D5-8DB9E267A872}.Debug|Any CPU.ActiveCfg = Debug|Any CPU
		{6C4CE7A6-B432-4C63-A2D5-8DB9E267A872}.Debug|Any CPU.Build.0 = Debug|Any CPU
		{6C4CE7A6-B432-4C63-A2D5-8DB9E267A872}.Release|Any CPU.ActiveCfg = Release|Any CPU
		{6C4CE7A6-B432-4C63-A2D5-8DB9E267A872}.Release|Any CPU.Build.0 = Release|Any CPU
	EndGlobalSection
	GlobalSection(SolutionProperties) = preSolution
		HideSolutionNode = FALSE
	EndGlobalSection
	GlobalSection(ExtensibilityGlobals) = postSolution
		SolutionGuid = {034EB5E8-89F9-4DC7-ACE0-C1637942EE3E}
	EndGlobalSection
EndGlobal
